
Microsoft Visual Studio Solution File, Format Version 12.00
# Visual Studio Version 17
VisualStudioVersion = 17.8.34525.116
MinimumVisualStudioVersion = 10.0.40219.1
Project("{9A19103F-16F7-4668-BE54-9A1E7A4F7556}") = "RPGdeTexto", "RPGdeTexto.csproj", "{7FC4AF8C-4729-4B1A-9822-A48C2E6B7C6C}"
EndProject
Global
	GlobalSection(SolutionConfigurationPlatforms) = preSolution
		Debug|Any CPU = Debug|Any CPU
		Release|Any CPU = Release|Any CPU
	EndGlobalSection
	GlobalSection(ProjectConfigurationPlatforms) = postSolution
		{7FC4AF8C-4729-4B1A-9822-A48C2E6B7C6C}.Debug|Any CPU.ActiveCfg = Debug|Any CPU
		{7FC4AF8C-4729-4B1A-9822-A48C2E6B7C6C}.Debug|Any CPU.Build.0 = Debug|Any CPU
		{7FC4AF8C-4729-4B1A-9822-A48C2E6B7C6C}.Release|Any CPU.ActiveCfg = Release|Any CPU
		{7FC4AF8C-4729-4B1A-9822-A48C2E6B7C6C}.Release|Any CPU.Build.0 = Release|Any CPU
	EndGlobalSection
	GlobalSection(SolutionProperties) = preSolution
		HideSolutionNode = FALSE
	EndGlobalSection
	GlobalSection(ExtensibilityGlobals) = postSolution
		SolutionGuid = {5C1F338C-7A75-4FA6-B646-187443B0607A}
	EndGlobalSection
EndGlobal
